
Microsoft Visual Studio Solution File, Format Version 11.00
# Visual Studio 2010
Project("{FAE04EC0-301F-11D3-BF4B-00C04F79EFBC}") = "Vive Project", "Assembly-CSharp.csproj", "{BB8E1593-7BB7-E991-A782-599A1870C90C}"
EndProject
Project("{FAE04EC0-301F-11D3-BF4B-00C04F79EFBC}") = "Vive Project", "Assembly-CSharp-Editor.csproj", "{13955246-2A5A-571D-2203-F9A7760685DA}"
EndProject
Global
	GlobalSection(SolutionConfigurationPlatforms) = preSolution
		Debug|Any CPU = Debug|Any CPU
		Release|Any CPU = Release|Any CPU
	EndGlobalSection
	GlobalSection(ProjectConfigurationPlatforms) = postSolution
		{BB8E1593-7BB7-E991-A782-599A1870C90C}.Debug|Any CPU.ActiveCfg = Debug|Any CPU
		{BB8E1593-7BB7-E991-A782-599A1870C90C}.Debug|Any CPU.Build.0 = Debug|Any CPU
		{BB8E1593-7BB7-E991-A782-599A1870C90C}.Release|Any CPU.ActiveCfg = Release|Any CPU
		{BB8E1593-7BB7-E991-A782-599A1870C90C}.Release|Any CPU.Build.0 = Release|Any CPU
		{13955246-2A5A-571D-2203-F9A7760685DA}.Debug|Any CPU.ActiveCfg = Debug|Any CPU
		{13955246-2A5A-571D-2203-F9A7760685DA}.Debug|Any CPU.Build.0 = Debug|Any CPU
		{13955246-2A5A-571D-2203-F9A7760685DA}.Release|Any CPU.ActiveCfg = Release|Any CPU
		{13955246-2A5A-571D-2203-F9A7760685DA}.Release|Any CPU.Build.0 = Release|Any CPU
	EndGlobalSection
	GlobalSection(SolutionProperties) = preSolution
		HideSolutionNode = FALSE
	EndGlobalSection
	GlobalSection(MonoDevelopProperties) = preSolution
		StartupItem = Assembly-CSharp.csproj
	EndGlobalSection
EndGlobal
