
Microsoft Visual Studio Solution File, Format Version 11.00
# Visual Studio 2010
Project("{FAE04EC0-301F-11D3-BF4B-00C04F79EFBC}") = "ViveProject", "Assembly-CSharp.csproj", "{3DD07D17-5B37-77B2-AFA2-F9D57D398F13}"
EndProject
Project("{FAE04EC0-301F-11D3-BF4B-00C04F79EFBC}") = "ViveProject", "Assembly-CSharp-Editor.csproj", "{DD5583DF-631C-9A4A-7BFE-3176AECE44AD}"
EndProject
Global
	GlobalSection(SolutionConfigurationPlatforms) = preSolution
		Debug|Any CPU = Debug|Any CPU
		Release|Any CPU = Release|Any CPU
	EndGlobalSection
	GlobalSection(ProjectConfigurationPlatforms) = postSolution
		{3DD07D17-5B37-77B2-AFA2-F9D57D398F13}.Debug|Any CPU.ActiveCfg = Debug|Any CPU
		{3DD07D17-5B37-77B2-AFA2-F9D57D398F13}.Debug|Any CPU.Build.0 = Debug|Any CPU
		{3DD07D17-5B37-77B2-AFA2-F9D57D398F13}.Release|Any CPU.ActiveCfg = Release|Any CPU
		{3DD07D17-5B37-77B2-AFA2-F9D57D398F13}.Release|Any CPU.Build.0 = Release|Any CPU
		{DD5583DF-631C-9A4A-7BFE-3176AECE44AD}.Debug|Any CPU.ActiveCfg = Debug|Any CPU
		{DD5583DF-631C-9A4A-7BFE-3176AECE44AD}.Debug|Any CPU.Build.0 = Debug|Any CPU
		{DD5583DF-631C-9A4A-7BFE-3176AECE44AD}.Release|Any CPU.ActiveCfg = Release|Any CPU
		{DD5583DF-631C-9A4A-7BFE-3176AECE44AD}.Release|Any CPU.Build.0 = Release|Any CPU
	EndGlobalSection
	GlobalSection(SolutionProperties) = preSolution
		HideSolutionNode = FALSE
	EndGlobalSection
	GlobalSection(MonoDevelopProperties) = preSolution
		StartupItem = Assembly-CSharp.csproj
	EndGlobalSection
EndGlobal
